// !$*UTF8*$!
{
	archiveVersion = 1;
	classes = {
	};
	objectVersion = 51;
	objects = {

/* Begin PBXBuildFile section */
		15D2348CABF715ACC64838A1 /* Pods_ExerciseApp.framework in Frameworks */ = {isa = PBXBuildFile; fileRef = 51D23011244514C5F11C1873 /* Pods_ExerciseApp.framework */; };
		811C523A24B5D8EB0062F2CE /* AppDelegate.swift in Sources */ = {isa = PBXBuildFile; fileRef = 811C523924B5D8EB0062F2CE /* AppDelegate.swift */; };
		811C523C24B5D8EB0062F2CE /* SceneDelegate.swift in Sources */ = {isa = PBXBuildFile; fileRef = 811C523B24B5D8EB0062F2CE /* SceneDelegate.swift */; };
		811C523E24B5D8EB0062F2CE /* MainViewController.swift in Sources */ = {isa = PBXBuildFile; fileRef = 811C523D24B5D8EB0062F2CE /* MainViewController.swift */; };
		811C524324B5D8EC0062F2CE /* Assets.xcassets in Resources */ = {isa = PBXBuildFile; fileRef = 811C524224B5D8EC0062F2CE /* Assets.xcassets */; };
		811C524624B5D8EC0062F2CE /* LaunchScreen.storyboard in Resources */ = {isa = PBXBuildFile; fileRef = 811C524424B5D8EC0062F2CE /* LaunchScreen.storyboard */; };
		811C525124B5D8ED0062F2CE /* ExerciseAppTests.swift in Sources */ = {isa = PBXBuildFile; fileRef = 811C525024B5D8ED0062F2CE /* ExerciseAppTests.swift */; };
		811C526724B6E8400062F2CE /* NetworkReachability.swift in Sources */ = {isa = PBXBuildFile; fileRef = 811C526624B6E8400062F2CE /* NetworkReachability.swift */; };
		811C526924B6EB8B0062F2CE /* Helper.swift in Sources */ = {isa = PBXBuildFile; fileRef = 811C526824B6EB8B0062F2CE /* Helper.swift */; };
		811C526B24B702470062F2CE /* Service.swift in Sources */ = {isa = PBXBuildFile; fileRef = 811C526A24B702470062F2CE /* Service.swift */; };
		811C526D24B706FD0062F2CE /* CountryModel.swift in Sources */ = {isa = PBXBuildFile; fileRef = 811C526C24B706FD0062F2CE /* CountryModel.swift */; };
		811C526F24B707130062F2CE /* CountryViewModel.swift in Sources */ = {isa = PBXBuildFile; fileRef = 811C526E24B707120062F2CE /* CountryViewModel.swift */; };
		811C527124B77BE60062F2CE /* CountryTableViewCell.swift in Sources */ = {isa = PBXBuildFile; fileRef = 811C527024B77BE60062F2CE /* CountryTableViewCell.swift */; };
		811C527324B8512D0062F2CE /* Coordinator.swift in Sources */ = {isa = PBXBuildFile; fileRef = 811C527224B8512D0062F2CE /* Coordinator.swift */; };
		811C527524B851390062F2CE /* AppCordinator.swift in Sources */ = {isa = PBXBuildFile; fileRef = 811C527424B851390062F2CE /* AppCordinator.swift */; };
		A1FF89DDE1917298385BE06C /* Pods_ExerciseAppTests.framework in Frameworks */ = {isa = PBXBuildFile; fileRef = AA5C3D16460A346FA1AA2106 /* Pods_ExerciseAppTests.framework */; };
/* End PBXBuildFile section */

/* Begin PBXContainerItemProxy section */
		811C524D24B5D8ED0062F2CE /* PBXContainerItemProxy */ = {
			isa = PBXContainerItemProxy;
			containerPortal = 811C522E24B5D8EB0062F2CE /* Project object */;
			proxyType = 1;
			remoteGlobalIDString = 811C523524B5D8EB0062F2CE;
			remoteInfo = ExerciseApp;
		};
/* End PBXContainerItemProxy section */

/* Begin PBXFileReference section */
		1DB48BC1FF15E63B9C359E2E /* Pods-ExerciseAppTests.debug.xcconfig */ = {isa = PBXFileReference; includeInIndex = 1; lastKnownFileType = text.xcconfig; name = "Pods-ExerciseAppTests.debug.xcconfig"; path = "Target Support Files/Pods-ExerciseAppTests/Pods-ExerciseAppTests.debug.xcconfig"; sourceTree = "<group>"; };
		51D23011244514C5F11C1873 /* Pods_ExerciseApp.framework */ = {isa = PBXFileReference; explicitFileType = wrapper.framework; includeInIndex = 0; path = Pods_ExerciseApp.framework; sourceTree = BUILT_PRODUCTS_DIR; };
		6C6535D7601C0A3C83C0596A /* Pods-ExerciseAppTests.release.xcconfig */ = {isa = PBXFileReference; includeInIndex = 1; lastKnownFileType = text.xcconfig; name = "Pods-ExerciseAppTests.release.xcconfig"; path = "Target Support Files/Pods-ExerciseAppTests/Pods-ExerciseAppTests.release.xcconfig"; sourceTree = "<group>"; };
		811C523624B5D8EB0062F2CE /* ExerciseApp.app */ = {isa = PBXFileReference; explicitFileType = wrapper.application; includeInIndex = 0; path = ExerciseApp.app; sourceTree = BUILT_PRODUCTS_DIR; };
		811C523924B5D8EB0062F2CE /* AppDelegate.swift */ = {isa = PBXFileReference; lastKnownFileType = sourcecode.swift; path = AppDelegate.swift; sourceTree = "<group>"; };
		811C523B24B5D8EB0062F2CE /* SceneDelegate.swift */ = {isa = PBXFileReference; lastKnownFileType = sourcecode.swift; path = SceneDelegate.swift; sourceTree = "<group>"; };
		811C523D24B5D8EB0062F2CE /* MainViewController.swift */ = {isa = PBXFileReference; lastKnownFileType = sourcecode.swift; path = MainViewController.swift; sourceTree = "<group>"; };
		811C524224B5D8EC0062F2CE /* Assets.xcassets */ = {isa = PBXFileReference; lastKnownFileType = folder.assetcatalog; path = Assets.xcassets; sourceTree = "<group>"; };
		811C524524B5D8EC0062F2CE /* Base */ = {isa = PBXFileReference; lastKnownFileType = file.storyboard; name = Base; path = Base.lproj/LaunchScreen.storyboard; sourceTree = "<group>"; };
		811C524724B5D8EC0062F2CE /* Info.plist */ = {isa = PBXFileReference; lastKnownFileType = text.plist.xml; path = Info.plist; sourceTree = "<group>"; };
		811C524C24B5D8ED0062F2CE /* ExerciseAppTests.xctest */ = {isa = PBXFileReference; explicitFileType = wrapper.cfbundle; includeInIndex = 0; path = ExerciseAppTests.xctest; sourceTree = BUILT_PRODUCTS_DIR; };
		811C525024B5D8ED0062F2CE /* ExerciseAppTests.swift */ = {isa = PBXFileReference; lastKnownFileType = sourcecode.swift; path = ExerciseAppTests.swift; sourceTree = "<group>"; };
		811C525224B5D8ED0062F2CE /* Info.plist */ = {isa = PBXFileReference; lastKnownFileType = text.plist.xml; path = Info.plist; sourceTree = "<group>"; };
		811C526624B6E8400062F2CE /* NetworkReachability.swift */ = {isa = PBXFileReference; lastKnownFileType = sourcecode.swift; path = NetworkReachability.swift; sourceTree = "<group>"; };
		811C526824B6EB8B0062F2CE /* Helper.swift */ = {isa = PBXFileReference; lastKnownFileType = sourcecode.swift; path = Helper.swift; sourceTree = "<group>"; };
		811C526A24B702470062F2CE /* Service.swift */ = {isa = PBXFileReference; lastKnownFileType = sourcecode.swift; path = Service.swift; sourceTree = "<group>"; };
		811C526C24B706FD0062F2CE /* CountryModel.swift */ = {isa = PBXFileReference; lastKnownFileType = sourcecode.swift; path = CountryModel.swift; sourceTree = "<group>"; };
		811C526E24B707120062F2CE /* CountryViewModel.swift */ = {isa = PBXFileReference; lastKnownFileType = sourcecode.swift; path = CountryViewModel.swift; sourceTree = "<group>"; };
		811C527024B77BE60062F2CE /* CountryTableViewCell.swift */ = {isa = PBXFileReference; lastKnownFileType = sourcecode.swift; path = CountryTableViewCell.swift; sourceTree = "<group>"; };
		811C527224B8512D0062F2CE /* Coordinator.swift */ = {isa = PBXFileReference; lastKnownFileType = sourcecode.swift; path = Coordinator.swift; sourceTree = "<group>"; };
		811C527424B851390062F2CE /* AppCordinator.swift */ = {isa = PBXFileReference; lastKnownFileType = sourcecode.swift; path = AppCordinator.swift; sourceTree = "<group>"; };
		8287C817A50A884DF6552A1B /* Pods-ExerciseApp.release.xcconfig */ = {isa = PBXFileReference; includeInIndex = 1; lastKnownFileType = text.xcconfig; name = "Pods-ExerciseApp.release.xcconfig"; path = "Target Support Files/Pods-ExerciseApp/Pods-ExerciseApp.release.xcconfig"; sourceTree = "<group>"; };
		8AAF297F1186524BB4DC7CA1 /* Pods-ExerciseApp.debug.xcconfig */ = {isa = PBXFileReference; includeInIndex = 1; lastKnownFileType = text.xcconfig; name = "Pods-ExerciseApp.debug.xcconfig"; path = "Target Support Files/Pods-ExerciseApp/Pods-ExerciseApp.debug.xcconfig"; sourceTree = "<group>"; };
		AA5C3D16460A346FA1AA2106 /* Pods_ExerciseAppTests.framework */ = {isa = PBXFileReference; explicitFileType = wrapper.framework; includeInIndex = 0; path = Pods_ExerciseAppTests.framework; sourceTree = BUILT_PRODUCTS_DIR; };
/* End PBXFileReference section */

/* Begin PBXFrameworksBuildPhase section */
		811C523324B5D8EB0062F2CE /* Frameworks */ = {
			isa = PBXFrameworksBuildPhase;
			buildActionMask = 2147483647;
			files = (
				15D2348CABF715ACC64838A1 /* Pods_ExerciseApp.framework in Frameworks */,
			);
			runOnlyForDeploymentPostprocessing = 0;
		};
		811C524924B5D8ED0062F2CE /* Frameworks */ = {
			isa = PBXFrameworksBuildPhase;
			buildActionMask = 2147483647;
			files = (
				A1FF89DDE1917298385BE06C /* Pods_ExerciseAppTests.framework in Frameworks */,
			);
			runOnlyForDeploymentPostprocessing = 0;
		};
/* End PBXFrameworksBuildPhase section */

/* Begin PBXGroup section */
		6ED290B67F61E73D59A1387E /* Frameworks */ = {
			isa = PBXGroup;
			children = (
				51D23011244514C5F11C1873 /* Pods_ExerciseApp.framework */,
				AA5C3D16460A346FA1AA2106 /* Pods_ExerciseAppTests.framework */,
			);
			name = Frameworks;
			sourceTree = "<group>";
		};
		811C522D24B5D8EB0062F2CE = {
			isa = PBXGroup;
			children = (
				811C523824B5D8EB0062F2CE /* ExerciseApp */,
				811C524F24B5D8ED0062F2CE /* ExerciseAppTests */,
				811C523724B5D8EB0062F2CE /* Products */,
				933ED46D72003F12A9E98DD6 /* Pods */,
				6ED290B67F61E73D59A1387E /* Frameworks */,
			);
			sourceTree = "<group>";
		};
		811C523724B5D8EB0062F2CE /* Products */ = {
			isa = PBXGroup;
			children = (
				811C523624B5D8EB0062F2CE /* ExerciseApp.app */,
				811C524C24B5D8ED0062F2CE /* ExerciseAppTests.xctest */,
			);
			name = Products;
			sourceTree = "<group>";
		};
		811C523824B5D8EB0062F2CE /* ExerciseApp */ = {
			isa = PBXGroup;
			children = (
				811C525D24B6DEF60062F2CE /* Launch */,
				811C525E24B6E16D0062F2CE /* Modules */,
				811C526524B6E38D0062F2CE /* Utilities */,
				811C524724B5D8EC0062F2CE /* Info.plist */,
			);
			path = ExerciseApp;
			sourceTree = "<group>";
		};
		811C524F24B5D8ED0062F2CE /* ExerciseAppTests */ = {
			isa = PBXGroup;
			children = (
				811C525024B5D8ED0062F2CE /* ExerciseAppTests.swift */,
				811C525224B5D8ED0062F2CE /* Info.plist */,
			);
			path = ExerciseAppTests;
			sourceTree = "<group>";
		};
		811C525D24B6DEF60062F2CE /* Launch */ = {
			isa = PBXGroup;
			children = (
				811C524424B5D8EC0062F2CE /* LaunchScreen.storyboard */,
				811C524224B5D8EC0062F2CE /* Assets.xcassets */,
				811C523924B5D8EB0062F2CE /* AppDelegate.swift */,
				811C523B24B5D8EB0062F2CE /* SceneDelegate.swift */,
				811C527224B8512D0062F2CE /* Coordinator.swift */,
				811C527424B851390062F2CE /* AppCordinator.swift */,
			);
			path = Launch;
			sourceTree = "<group>";
		};
		811C525E24B6E16D0062F2CE /* Modules */ = {
			isa = PBXGroup;
			children = (
				811C525F24B6E1730062F2CE /* Main */,
			);
			path = Modules;
			sourceTree = "<group>";
		};
		811C525F24B6E1730062F2CE /* Main */ = {
			isa = PBXGroup;
			children = (
				811C526424B6E1C20062F2CE /* Controller */,
				811C526324B6E1BA0062F2CE /* Coordinator */,
				811C526224B6E19F0062F2CE /* Model */,
				811C526124B6E1960062F2CE /* ViewModel */,
				811C526024B6E1850062F2CE /* View */,
			);
			path = Main;
			sourceTree = "<group>";
		};
		811C526024B6E1850062F2CE /* View */ = {
			isa = PBXGroup;
			children = (
				811C527024B77BE60062F2CE /* CountryTableViewCell.swift */,
			);
			path = View;
			sourceTree = "<group>";
		};
		811C526124B6E1960062F2CE /* ViewModel */ = {
			isa = PBXGroup;
			children = (
				811C526E24B707120062F2CE /* CountryViewModel.swift */,
			);
			path = ViewModel;
			sourceTree = "<group>";
		};
		811C526224B6E19F0062F2CE /* Model */ = {
			isa = PBXGroup;
			children = (
				811C526C24B706FD0062F2CE /* CountryModel.swift */,
			);
			path = Model;
			sourceTree = "<group>";
		};
		811C526324B6E1BA0062F2CE /* Coordinator */ = {
			isa = PBXGroup;
			children = (
			);
			path = Coordinator;
			sourceTree = "<group>";
		};
		811C526424B6E1C20062F2CE /* Controller */ = {
			isa = PBXGroup;
			children = (
				811C523D24B5D8EB0062F2CE /* MainViewController.swift */,
			);
			path = Controller;
			sourceTree = "<group>";
		};
		811C526524B6E38D0062F2CE /* Utilities */ = {
			isa = PBXGroup;
			children = (
				811C526624B6E8400062F2CE /* NetworkReachability.swift */,
				811C526824B6EB8B0062F2CE /* Helper.swift */,
				811C526A24B702470062F2CE /* Service.swift */,
			);
			path = Utilities;
			sourceTree = "<group>";
		};
		933ED46D72003F12A9E98DD6 /* Pods */ = {
			isa = PBXGroup;
			children = (
				8AAF297F1186524BB4DC7CA1 /* Pods-ExerciseApp.debug.xcconfig */,
				8287C817A50A884DF6552A1B /* Pods-ExerciseApp.release.xcconfig */,
				1DB48BC1FF15E63B9C359E2E /* Pods-ExerciseAppTests.debug.xcconfig */,
				6C6535D7601C0A3C83C0596A /* Pods-ExerciseAppTests.release.xcconfig */,
			);
			path = Pods;
			sourceTree = "<group>";
		};
/* End PBXGroup section */

/* Begin PBXNativeTarget section */
		811C523524B5D8EB0062F2CE /* ExerciseApp */ = {
			isa = PBXNativeTarget;
			buildConfigurationList = 811C525524B5D8ED0062F2CE /* Build configuration list for PBXNativeTarget "ExerciseApp" */;
			buildPhases = (
				C07E31B32DDDF77488CDB9E6 /* [CP] Check Pods Manifest.lock */,
				811C523224B5D8EB0062F2CE /* Sources */,
				811C523324B5D8EB0062F2CE /* Frameworks */,
				811C523424B5D8EB0062F2CE /* Resources */,
				263874B0E9EE2196DF1BDB28 /* [CP] Embed Pods Frameworks */,
			);
			buildRules = (
			);
			dependencies = (
			);
			name = ExerciseApp;
			productName = ExerciseApp;
			productReference = 811C523624B5D8EB0062F2CE /* ExerciseApp.app */;
			productType = "com.apple.product-type.application";
		};
		811C524B24B5D8ED0062F2CE /* ExerciseAppTests */ = {
			isa = PBXNativeTarget;
			buildConfigurationList = 811C525824B5D8ED0062F2CE /* Build configuration list for PBXNativeTarget "ExerciseAppTests" */;
			buildPhases = (
				2B41752784343F1E9586B02C /* [CP] Check Pods Manifest.lock */,
				811C524824B5D8ED0062F2CE /* Sources */,
				811C524924B5D8ED0062F2CE /* Frameworks */,
				811C524A24B5D8ED0062F2CE /* Resources */,
			);
			buildRules = (
			);
			dependencies = (
				811C524E24B5D8ED0062F2CE /* PBXTargetDependency */,
			);
			name = ExerciseAppTests;
			productName = ExerciseAppTests;
			productReference = 811C524C24B5D8ED0062F2CE /* ExerciseAppTests.xctest */;
			productType = "com.apple.product-type.bundle.unit-test";
		};
/* End PBXNativeTarget section */

/* Begin PBXProject section */
		811C522E24B5D8EB0062F2CE /* Project object */ = {
			isa = PBXProject;
			attributes = {
				LastSwiftUpdateCheck = 1150;
				LastUpgradeCheck = 1150;
				ORGANIZATIONNAME = "Pranav V K";
				TargetAttributes = {
					811C523524B5D8EB0062F2CE = {
						CreatedOnToolsVersion = 11.5;
					};
					811C524B24B5D8ED0062F2CE = {
						CreatedOnToolsVersion = 11.5;
						TestTargetID = 811C523524B5D8EB0062F2CE;
					};
				};
			};
			buildConfigurationList = 811C523124B5D8EB0062F2CE /* Build configuration list for PBXProject "ExerciseApp" */;
			compatibilityVersion = "Xcode 9.3";
			developmentRegion = en;
			hasScannedForEncodings = 0;
			knownRegions = (
				en,
				Base,
			);
			mainGroup = 811C522D24B5D8EB0062F2CE;
			productRefGroup = 811C523724B5D8EB0062F2CE /* Products */;
			projectDirPath = "";
			projectRoot = "";
			targets = (
				811C523524B5D8EB0062F2CE /* ExerciseApp */,
				811C524B24B5D8ED0062F2CE /* ExerciseAppTests */,
			);
		};
/* End PBXProject section */

/* Begin PBXResourcesBuildPhase section */
		811C523424B5D8EB0062F2CE /* Resources */ = {
			isa = PBXResourcesBuildPhase;
			buildActionMask = 2147483647;
			files = (
				811C524624B5D8EC0062F2CE /* LaunchScreen.storyboard in Resources */,
				811C524324B5D8EC0062F2CE /* Assets.xcassets in Resources */,
			);
			runOnlyForDeploymentPostprocessing = 0;
		};
		811C524A24B5D8ED0062F2CE /* Resources */ = {
			isa = PBXResourcesBuildPhase;
			buildActionMask = 2147483647;
			files = (
			);
			runOnlyForDeploymentPostprocessing = 0;
		};
/* End PBXResourcesBuildPhase section */

/* Begin PBXShellScriptBuildPhase section */
		263874B0E9EE2196DF1BDB28 /* [CP] Embed Pods Frameworks */ = {
			isa = PBXShellScriptBuildPhase;
			buildActionMask = 2147483647;
			files = (
			);
			inputFileListPaths = (
				"${PODS_ROOT}/Target Support Files/Pods-ExerciseApp/Pods-ExerciseApp-frameworks-${CONFIGURATION}-input-files.xcfilelist",
			);
			name = "[CP] Embed Pods Frameworks";
			outputFileListPaths = (
				"${PODS_ROOT}/Target Support Files/Pods-ExerciseApp/Pods-ExerciseApp-frameworks-${CONFIGURATION}-output-files.xcfilelist",
			);
			runOnlyForDeploymentPostprocessing = 0;
			shellPath = /bin/sh;
			shellScript = "\"${PODS_ROOT}/Target Support Files/Pods-ExerciseApp/Pods-ExerciseApp-frameworks.sh\"\n";
			showEnvVarsInLog = 0;
		};
		2B41752784343F1E9586B02C /* [CP] Check Pods Manifest.lock */ = {
			isa = PBXShellScriptBuildPhase;
			buildActionMask = 2147483647;
			files = (
			);
			inputFileListPaths = (
			);
			inputPaths = (
				"${PODS_PODFILE_DIR_PATH}/Podfile.lock",
				"${PODS_ROOT}/Manifest.lock",
			);
			name = "[CP] Check Pods Manifest.lock";
			outputFileListPaths = (
			);
			outputPaths = (
				"$(DERIVED_FILE_DIR)/Pods-ExerciseAppTests-checkManifestLockResult.txt",
			);
			runOnlyForDeploymentPostprocessing = 0;
			shellPath = /bin/sh;
			shellScript = "diff \"${PODS_PODFILE_DIR_PATH}/Podfile.lock\" \"${PODS_ROOT}/Manifest.lock\" > /dev/null\nif [ $? != 0 ] ; then\n    # print error to STDERR\n    echo \"error: The sandbox is not in sync with the Podfile.lock. Run 'pod install' or update your CocoaPods installation.\" >&2\n    exit 1\nfi\n# This output is used by Xcode 'outputs' to avoid re-running this script phase.\necho \"SUCCESS\" > \"${SCRIPT_OUTPUT_FILE_0}\"\n";
			showEnvVarsInLog = 0;
		};
		C07E31B32DDDF77488CDB9E6 /* [CP] Check Pods Manifest.lock */ = {
			isa = PBXShellScriptBuildPhase;
			buildActionMask = 2147483647;
			files = (
			);
			inputFileListPaths = (
			);
			inputPaths = (
				"${PODS_PODFILE_DIR_PATH}/Podfile.lock",
				"${PODS_ROOT}/Manifest.lock",
			);
			name = "[CP] Check Pods Manifest.lock";
			outputFileListPaths = (
			);
			outputPaths = (
				"$(DERIVED_FILE_DIR)/Pods-ExerciseApp-checkManifestLockResult.txt",
			);
			runOnlyForDeploymentPostprocessing = 0;
			shellPath = /bin/sh;
			shellScript = "diff \"${PODS_PODFILE_DIR_PATH}/Podfile.lock\" \"${PODS_ROOT}/Manifest.lock\" > /dev/null\nif [ $? != 0 ] ; then\n    # print error to STDERR\n    echo \"error: The sandbox is not in sync with the Podfile.lock. Run 'pod install' or update your CocoaPods installation.\" >&2\n    exit 1\nfi\n# This output is used by Xcode 'outputs' to avoid re-running this script phase.\necho \"SUCCESS\" > \"${SCRIPT_OUTPUT_FILE_0}\"\n";
			showEnvVarsInLog = 0;
		};
/* End PBXShellScriptBuildPhase section */

/* Begin PBXSourcesBuildPhase section */
		811C523224B5D8EB0062F2CE /* Sources */ = {
			isa = PBXSourcesBuildPhase;
			buildActionMask = 2147483647;
			files = (
				811C527124B77BE60062F2CE /* CountryTableViewCell.swift in Sources */,
				811C526D24B706FD0062F2CE /* CountryModel.swift in Sources */,
				811C527324B8512D0062F2CE /* Coordinator.swift in Sources */,
				811C526F24B707130062F2CE /* CountryViewModel.swift in Sources */,
				811C523E24B5D8EB0062F2CE /* MainViewController.swift in Sources */,
				811C523A24B5D8EB0062F2CE /* AppDelegate.swift in Sources */,
				811C526924B6EB8B0062F2CE /* Helper.swift in Sources */,
				811C523C24B5D8EB0062F2CE /* SceneDelegate.swift in Sources */,
				811C526724B6E8400062F2CE /* NetworkReachability.swift in Sources */,
				811C527524B851390062F2CE /* AppCordinator.swift in Sources */,
				811C526B24B702470062F2CE /* Service.swift in Sources */,
			);
			runOnlyForDeploymentPostprocessing = 0;
		};
		811C524824B5D8ED0062F2CE /* Sources */ = {
			isa = PBXSourcesBuildPhase;
			buildActionMask = 2147483647;
			files = (
				811C525124B5D8ED0062F2CE /* ExerciseAppTests.swift in Sources */,
			);
			runOnlyForDeploymentPostprocessing = 0;
		};
/* End PBXSourcesBuildPhase section */

/* Begin PBXTargetDependency section */
		811C524E24B5D8ED0062F2CE /* PBXTargetDependency */ = {
			isa = PBXTargetDependency;
			target = 811C523524B5D8EB0062F2CE /* ExerciseApp */;
			targetProxy = 811C524D24B5D8ED0062F2CE /* PBXContainerItemProxy */;
		};
/* End PBXTargetDependency section */

/* Begin PBXVariantGroup section */
		811C524424B5D8EC0062F2CE /* LaunchScreen.storyboard */ = {
			isa = PBXVariantGroup;
			children = (
				811C524524B5D8EC0062F2CE /* Base */,
			);
			name = LaunchScreen.storyboard;
			sourceTree = "<group>";
		};
/* End PBXVariantGroup section */

/* Begin XCBuildConfiguration section */
		811C525324B5D8ED0062F2CE /* Debug */ = {
			isa = XCBuildConfiguration;
			buildSettings = {
				ALWAYS_SEARCH_USER_PATHS = NO;
				CLANG_ANALYZER_NONNULL = YES;
				CLANG_ANALYZER_NUMBER_OBJECT_CONVERSION = YES_AGGRESSIVE;
				CLANG_CXX_LANGUAGE_STANDARD = "gnu++14";
				CLANG_CXX_LIBRARY = "libc++";
				CLANG_ENABLE_MODULES = YES;
				CLANG_ENABLE_OBJC_ARC = YES;
				CLANG_ENABLE_OBJC_WEAK = YES;
				CLANG_WARN_BLOCK_CAPTURE_AUTORELEASING = YES;
				CLANG_WARN_BOOL_CONVERSION = YES;
				CLANG_WARN_COMMA = YES;
				CLANG_WARN_CONSTANT_CONVERSION = YES;
				CLANG_WARN_DEPRECATED_OBJC_IMPLEMENTATIONS = YES;
				CLANG_WARN_DIRECT_OBJC_ISA_USAGE = YES_ERROR;
				CLANG_WARN_DOCUMENTATION_COMMENTS = YES;
				CLANG_WARN_EMPTY_BODY = YES;
				CLANG_WARN_ENUM_CONVERSION = YES;
				CLANG_WARN_INFINITE_RECURSION = YES;
				CLANG_WARN_INT_CONVERSION = YES;
				CLANG_WARN_NON_LITERAL_NULL_CONVERSION = YES;
				CLANG_WARN_OBJC_IMPLICIT_RETAIN_SELF = YES;
				CLANG_WARN_OBJC_LITERAL_CONVERSION = YES;
				CLANG_WARN_OBJC_ROOT_CLASS = YES_ERROR;
				CLANG_WARN_RANGE_LOOP_ANALYSIS = YES;
				CLANG_WARN_STRICT_PROTOTYPES = YES;
				CLANG_WARN_SUSPICIOUS_MOVE = YES;
				CLANG_WARN_UNGUARDED_AVAILABILITY = YES_AGGRESSIVE;
				CLANG_WARN_UNREACHABLE_CODE = YES;
				CLANG_WARN__DUPLICATE_METHOD_MATCH = YES;
				COPY_PHASE_STRIP = NO;
				DEBUG_INFORMATION_FORMAT = dwarf;
				ENABLE_STRICT_OBJC_MSGSEND = YES;
				ENABLE_TESTABILITY = YES;
				GCC_C_LANGUAGE_STANDARD = gnu11;
				GCC_DYNAMIC_NO_PIC = NO;
				GCC_NO_COMMON_BLOCKS = YES;
				GCC_OPTIMIZATION_LEVEL = 0;
				GCC_PREPROCESSOR_DEFINITIONS = (
					"DEBUG=1",
					"$(inherited)",
				);
				GCC_WARN_64_TO_32_BIT_CONVERSION = YES;
				GCC_WARN_ABOUT_RETURN_TYPE = YES_ERROR;
				GCC_WARN_UNDECLARED_SELECTOR = YES;
				GCC_WARN_UNINITIALIZED_AUTOS = YES_AGGRESSIVE;
				GCC_WARN_UNUSED_FUNCTION = YES;
				GCC_WARN_UNUSED_VARIABLE = YES;
				IPHONEOS_DEPLOYMENT_TARGET = 13.5;
				MTL_ENABLE_DEBUG_INFO = INCLUDE_SOURCE;
				MTL_FAST_MATH = YES;
				ONLY_ACTIVE_ARCH = YES;
				SDKROOT = iphoneos;
				SWIFT_ACTIVE_COMPILATION_CONDITIONS = DEBUG;
				SWIFT_OPTIMIZATION_LEVEL = "-Onone";
			};
			name = Debug;
		};
		811C525424B5D8ED0062F2CE /* Release */ = {
			isa = XCBuildConfiguration;
			buildSettings = {
				ALWAYS_SEARCH_USER_PATHS = NO;
				CLANG_ANALYZER_NONNULL = YES;
				CLANG_ANALYZER_NUMBER_OBJECT_CONVERSION = YES_AGGRESSIVE;
				CLANG_CXX_LANGUAGE_STANDARD = "gnu++14";
				CLANG_CXX_LIBRARY = "libc++";
				CLANG_ENABLE_MODULES = YES;
				CLANG_ENABLE_OBJC_ARC = YES;
				CLANG_ENABLE_OBJC_WEAK = YES;
				CLANG_WARN_BLOCK_CAPTURE_AUTORELEASING = YES;
				CLANG_WARN_BOOL_CONVERSION = YES;
				CLANG_WARN_COMMA = YES;
				CLANG_WARN_CONSTANT_CONVERSION = YES;
				CLANG_WARN_DEPRECATED_OBJC_IMPLEMENTATIONS = YES;
				CLANG_WARN_DIRECT_OBJC_ISA_USAGE = YES_ERROR;
				CLANG_WARN_DOCUMENTATION_COMMENTS = YES;
				CLANG_WARN_EMPTY_BODY = YES;
				CLANG_WARN_ENUM_CONVERSION = YES;
				CLANG_WARN_INFINITE_RECURSION = YES;
				CLANG_WARN_INT_CONVERSION = YES;
				CLANG_WARN_NON_LITERAL_NULL_CONVERSION = YES;
				CLANG_WARN_OBJC_IMPLICIT_RETAIN_SELF = YES;
				CLANG_WARN_OBJC_LITERAL_CONVERSION = YES;
				CLANG_WARN_OBJC_ROOT_CLASS = YES_ERROR;
				CLANG_WARN_RANGE_LOOP_ANALYSIS = YES;
				CLANG_WARN_STRICT_PROTOTYPES = YES;
				CLANG_WARN_SUSPICIOUS_MOVE = YES;
				CLANG_WARN_UNGUARDED_AVAILABILITY = YES_AGGRESSIVE;
				CLANG_WARN_UNREACHABLE_CODE = YES;
				CLANG_WARN__DUPLICATE_METHOD_MATCH = YES;
				COPY_PHASE_STRIP = NO;
				DEBUG_INFORMATION_FORMAT = "dwarf-with-dsym";
				ENABLE_NS_ASSERTIONS = NO;
				ENABLE_STRICT_OBJC_MSGSEND = YES;
				GCC_C_LANGUAGE_STANDARD = gnu11;
				GCC_NO_COMMON_BLOCKS = YES;
				GCC_WARN_64_TO_32_BIT_CONVERSION = YES;
				GCC_WARN_ABOUT_RETURN_TYPE = YES_ERROR;
				GCC_WARN_UNDECLARED_SELECTOR = YES;
				GCC_WARN_UNINITIALIZED_AUTOS = YES_AGGRESSIVE;
				GCC_WARN_UNUSED_FUNCTION = YES;
				GCC_WARN_UNUSED_VARIABLE = YES;
				IPHONEOS_DEPLOYMENT_TARGET = 13.5;
				MTL_ENABLE_DEBUG_INFO = NO;
				MTL_FAST_MATH = YES;
				SDKROOT = iphoneos;
				SWIFT_COMPILATION_MODE = wholemodule;
				SWIFT_OPTIMIZATION_LEVEL = "-O";
				VALIDATE_PRODUCT = YES;
			};
			name = Release;
		};
		811C525624B5D8ED0062F2CE /* Debug */ = {
			isa = XCBuildConfiguration;
			baseConfigurationReference = 8AAF297F1186524BB4DC7CA1 /* Pods-ExerciseApp.debug.xcconfig */;
			buildSettings = {
				ASSETCATALOG_COMPILER_APPICON_NAME = AppIcon;
				CODE_SIGN_STYLE = Automatic;
				DEVELOPMENT_TEAM = XYG6KB478H;
				INFOPLIST_FILE = ExerciseApp/Info.plist;
				LD_RUNPATH_SEARCH_PATHS = (
					"$(inherited)",
					"@executable_path/Frameworks",
				);
				PRODUCT_BUNDLE_IDENTIFIER = pranav.ExerciseApp;
				PRODUCT_NAME = "$(TARGET_NAME)";
				SWIFT_VERSION = 5.0;
				TARGETED_DEVICE_FAMILY = "1,2";
			};
			name = Debug;
		};
		811C525724B5D8ED0062F2CE /* Release */ = {
			isa = XCBuildConfiguration;
			baseConfigurationReference = 8287C817A50A884DF6552A1B /* Pods-ExerciseApp.release.xcconfig */;
			buildSettings = {
				ASSETCATALOG_COMPILER_APPICON_NAME = AppIcon;
				CODE_SIGN_STYLE = Automatic;
				DEVELOPMENT_TEAM = XYG6KB478H;
				INFOPLIST_FILE = ExerciseApp/Info.plist;
				LD_RUNPATH_SEARCH_PATHS = (
					"$(inherited)",
					"@executable_path/Frameworks",
				);
				PRODUCT_BUNDLE_IDENTIFIER = pranav.ExerciseApp;
				PRODUCT_NAME = "$(TARGET_NAME)";
				SWIFT_VERSION = 5.0;
				TARGETED_DEVICE_FAMILY = "1,2";
			};
			name = Release;
		};
		811C525924B5D8ED0062F2CE /* Debug */ = {
			isa = XCBuildConfiguration;
			baseConfigurationReference = 1DB48BC1FF15E63B9C359E2E /* Pods-ExerciseAppTests.debug.xcconfig */;
			buildSettings = {
				ALWAYS_EMBED_SWIFT_STANDARD_LIBRARIES = YES;
				BUNDLE_LOADER = "$(TEST_HOST)";
				CODE_SIGN_STYLE = Automatic;
				DEVELOPMENT_TEAM = XYG6KB478H;
				INFOPLIST_FILE = ExerciseAppTests/Info.plist;
				IPHONEOS_DEPLOYMENT_TARGET = 13.5;
				LD_RUNPATH_SEARCH_PATHS = (
					"$(inherited)",
					"@executable_path/Frameworks",
					"@loader_path/Frameworks",
				);
				PRODUCT_BUNDLE_IDENTIFIER = pranav.ExerciseAppTests;
				PRODUCT_NAME = "$(TARGET_NAME)";
				SWIFT_VERSION = 5.0;
				TARGETED_DEVICE_FAMILY = "1,2";
				TEST_HOST = "$(BUILT_PRODUCTS_DIR)/ExerciseApp.app/ExerciseApp";
			};
			name = Debug;
		};
		811C525A24B5D8ED0062F2CE /* Release */ = {
			isa = XCBuildConfiguration;
			baseConfigurationReference = 6C6535D7601C0A3C83C0596A /* Pods-ExerciseAppTests.release.xcconfig */;
			buildSettings = {
				ALWAYS_EMBED_SWIFT_STANDARD_LIBRARIES = YES;
				BUNDLE_LOADER = "$(TEST_HOST)";
				CODE_SIGN_STYLE = Automatic;
				DEVELOPMENT_TEAM = XYG6KB478H;
				INFOPLIST_FILE = ExerciseAppTests/Info.plist;
				IPHONEOS_DEPLOYMENT_TARGET = 13.5;
				LD_RUNPATH_SEARCH_PATHS = (
					"$(inherited)",
					"@executable_path/Frameworks",
					"@loader_path/Frameworks",
				);
				PRODUCT_BUNDLE_IDENTIFIER = pranav.ExerciseAppTests;
				PRODUCT_NAME = "$(TARGET_NAME)";
				SWIFT_VERSION = 5.0;
				TARGETED_DEVICE_FAMILY = "1,2";
				TEST_HOST = "$(BUILT_PRODUCTS_DIR)/ExerciseApp.app/ExerciseApp";
			};
			name = Release;
		};
/* End XCBuildConfiguration section */

/* Begin XCConfigurationList section */
		811C523124B5D8EB0062F2CE /* Build configuration list for PBXProject "ExerciseApp" */ = {
			isa = XCConfigurationList;
			buildConfigurations = (
				811C525324B5D8ED0062F2CE /* Debug */,
				811C525424B5D8ED0062F2CE /* Release */,
			);
			defaultConfigurationIsVisible = 0;
			defaultConfigurationName = Release;
		};
		811C525524B5D8ED0062F2CE /* Build configuration list for PBXNativeTarget "ExerciseApp" */ = {
			isa = XCConfigurationList;
			buildConfigurations = (
				811C525624B5D8ED0062F2CE /* Debug */,
				811C525724B5D8ED0062F2CE /* Release */,
			);
			defaultConfigurationIsVisible = 0;
			defaultConfigurationName = Release;
		};
		811C525824B5D8ED0062F2CE /* Build configuration list for PBXNativeTarget "ExerciseAppTests" */ = {
			isa = XCConfigurationList;
			buildConfigurations = (
				811C525924B5D8ED0062F2CE /* Debug */,
				811C525A24B5D8ED0062F2CE /* Release */,
			);
			defaultConfigurationIsVisible = 0;
			defaultConfigurationName = Release;
		};
/* End XCConfigurationList section */
	};
	rootObject = 811C522E24B5D8EB0062F2CE /* Project object */;
}
